
Microsoft Visual Studio Solution File, Format Version 12.00
# Visual Studio Version 17
VisualStudioVersion = 17.4.33213.308
MinimumVisualStudioVersion = 10.0.40219.1
Project("{9A19103F-16F7-4668-BE54-9A1E7A4F7556}") = "Aurora", "Aurora.csproj", "{B0B0CFDE-FE32-40FB-9549-8BE3BA3239EE}"
EndProject
Project("{2150E333-8FDC-42A3-9474-1A3956D46DE8}") = "Solution Items", "Solution Items", "{5915D207-A90F-40D7-8DCD-048495C0003B}"
EndProject
Global
	GlobalSection(SolutionConfigurationPlatforms) = preSolution
		Debug|Any CPU = Debug|Any CPU
		Release|Any CPU = Release|Any CPU
	EndGlobalSection
	GlobalSection(ProjectConfigurationPlatforms) = postSolution
		{B0B0CFDE-FE32-40FB-9549-8BE3BA3239EE}.Debug|Any CPU.ActiveCfg = Debug|Any CPU
		{B0B0CFDE-FE32-40FB-9549-8BE3BA3239EE}.Debug|Any CPU.Build.0 = Debug|Any CPU
		{B0B0CFDE-FE32-40FB-9549-8BE3BA3239EE}.Release|Any CPU.ActiveCfg = Release|Any CPU
		{B0B0CFDE-FE32-40FB-9549-8BE3BA3239EE}.Release|Any CPU.Build.0 = Release|Any CPU
	EndGlobalSection
	GlobalSection(SolutionProperties) = preSolution
		HideSolutionNode = FALSE
	EndGlobalSection
	GlobalSection(ExtensibilityGlobals) = postSolution
		SolutionGuid = {2B3EFDDE-C500-4556-8DFD-AA7C4EEA98E4}
	EndGlobalSection
EndGlobal
